
Microsoft Visual Studio Solution File, Format Version 12.00
# Visual Studio Version 17
VisualStudioVersion = 17.14.36202.13 d17.14
MinimumVisualStudioVersion = 10.0.40219.1
Project("{FAE04EC0-301F-11D3-BF4B-00C04F79EFBC}") = "Shop.Common", "Shop.Common\Shop.Common.csproj", "{315B95BB-3C2B-40B4-9836-5DDA3C9B6C5C}"
EndProject
Project("{FAE04EC0-301F-11D3-BF4B-00C04F79EFBC}") = "Shop.Infrastructure", "Shop.Infrastructure\Shop.Infrastructure.csproj", "{561E71AE-CE98-41FF-A1C8-BA4CF438C623}"
EndProject
Project("{FAE04EC0-301F-11D3-BF4B-00C04F79EFBC}") = "ShopConsole", "ShopConsole\ShopConsole.csproj", "{1610D9AB-FA5E-4007-9CC3-F2A20F2981DE}"
EndProject
Global
	GlobalSection(SolutionConfigurationPlatforms) = preSolution
		Debug|Any CPU = Debug|Any CPU
		Release|Any CPU = Release|Any CPU
	EndGlobalSection
	GlobalSection(ProjectConfigurationPlatforms) = postSolution
		{315B95BB-3C2B-40B4-9836-5DDA3C9B6C5C}.Debug|Any CPU.ActiveCfg = Debug|Any CPU
		{315B95BB-3C2B-40B4-9836-5DDA3C9B6C5C}.Debug|Any CPU.Build.0 = Debug|Any CPU
		{315B95BB-3C2B-40B4-9836-5DDA3C9B6C5C}.Release|Any CPU.ActiveCfg = Release|Any CPU
		{315B95BB-3C2B-40B4-9836-5DDA3C9B6C5C}.Release|Any CPU.Build.0 = Release|Any CPU
		{561E71AE-CE98-41FF-A1C8-BA4CF438C623}.Debug|Any CPU.ActiveCfg = Debug|Any CPU
		{561E71AE-CE98-41FF-A1C8-BA4CF438C623}.Debug|Any CPU.Build.0 = Debug|Any CPU
		{561E71AE-CE98-41FF-A1C8-BA4CF438C623}.Release|Any CPU.ActiveCfg = Release|Any CPU
		{561E71AE-CE98-41FF-A1C8-BA4CF438C623}.Release|Any CPU.Build.0 = Release|Any CPU
		{1610D9AB-FA5E-4007-9CC3-F2A20F2981DE}.Debug|Any CPU.ActiveCfg = Debug|Any CPU
		{1610D9AB-FA5E-4007-9CC3-F2A20F2981DE}.Debug|Any CPU.Build.0 = Debug|Any CPU
		{1610D9AB-FA5E-4007-9CC3-F2A20F2981DE}.Release|Any CPU.ActiveCfg = Release|Any CPU
		{1610D9AB-FA5E-4007-9CC3-F2A20F2981DE}.Release|Any CPU.Build.0 = Release|Any CPU
	EndGlobalSection
	GlobalSection(SolutionProperties) = preSolution
		HideSolutionNode = FALSE
	EndGlobalSection
	GlobalSection(ExtensibilityGlobals) = postSolution
		SolutionGuid = {C735016C-2F7A-4333-9113-EF5E52B4B950}
	EndGlobalSection
EndGlobal
